
Microsoft Visual Studio Solution File, Format Version 12.00
# Visual Studio Version 16
VisualStudioVersion = 16.0.30907.101
MinimumVisualStudioVersion = 10.0.40219.1
Project("{9A19103F-16F7-4668-BE54-9A1E7A4F7556}") = "TweetBook", "TweetBook\TweetBook.csproj", "{DD8987AE-3955-421B-86A1-B7CA03965036}"
EndProject
Project("{FAE04EC0-301F-11D3-BF4B-00C04F79EFBC}") = "TweetBook.IntegrationTests", "TweetBook.IntegrationTests\TweetBook.IntegrationTests.csproj", "{62E96058-815F-4867-B60A-8FA0E2886595}"
EndProject
Global
	GlobalSection(SolutionConfigurationPlatforms) = preSolution
		Debug|Any CPU = Debug|Any CPU
		Release|Any CPU = Release|Any CPU
	EndGlobalSection
	GlobalSection(ProjectConfigurationPlatforms) = postSolution
		{DD8987AE-3955-421B-86A1-B7CA03965036}.Debug|Any CPU.ActiveCfg = Debug|Any CPU
		{DD8987AE-3955-421B-86A1-B7CA03965036}.Debug|Any CPU.Build.0 = Debug|Any CPU
		{DD8987AE-3955-421B-86A1-B7CA03965036}.Release|Any CPU.ActiveCfg = Release|Any CPU
		{DD8987AE-3955-421B-86A1-B7CA03965036}.Release|Any CPU.Build.0 = Release|Any CPU
		{62E96058-815F-4867-B60A-8FA0E2886595}.Debug|Any CPU.ActiveCfg = Debug|Any CPU
		{62E96058-815F-4867-B60A-8FA0E2886595}.Debug|Any CPU.Build.0 = Debug|Any CPU
		{62E96058-815F-4867-B60A-8FA0E2886595}.Release|Any CPU.ActiveCfg = Release|Any CPU
		{62E96058-815F-4867-B60A-8FA0E2886595}.Release|Any CPU.Build.0 = Release|Any CPU
	EndGlobalSection
	GlobalSection(SolutionProperties) = preSolution
		HideSolutionNode = FALSE
	EndGlobalSection
	GlobalSection(ExtensibilityGlobals) = postSolution
		SolutionGuid = {195C1987-4ACC-49BE-A921-D7FEE760047B}
	EndGlobalSection
EndGlobal
